// !$*UTF8*$!
{
	archiveVersion = 1;
	classes = {
	};
	objectVersion = 46;
	objects = {

/* Begin PBXBuildFile section */
		4B4DB5061DD48B0C00396E78 /* main.swift in Sources */ = {isa = PBXBuildFile; fileRef = 4B4DB5051DD48B0C00396E78 /* main.swift */; };
		4B4DB50E1DD490F300396E78 /* CoreData.framework in Frameworks */ = {isa = PBXBuildFile; fileRef = 4B4DB50D1DD490F300396E78 /* CoreData.framework */; };
		4B4DB5111DD4920D00396E78 /* MyModel.xcdatamodeld in Sources */ = {isa = PBXBuildFile; fileRef = 4B4DB50F1DD4920D00396E78 /* MyModel.xcdatamodeld */; };
/* End PBXBuildFile section */

/* Begin PBXCopyFilesBuildPhase section */
		4B4DB5001DD48B0C00396E78 /* CopyFiles */ = {
			isa = PBXCopyFilesBuildPhase;
			buildActionMask = 2147483647;
			dstPath = /usr/share/man/man1/;
			dstSubfolderSpec = 0;
			files = (
			);
			runOnlyForDeploymentPostprocessing = 1;
		};
/* End PBXCopyFilesBuildPhase section */

/* Begin PBXFileReference section */
		4B4DB5021DD48B0C00396E78 /* core data single entity swift */ = {isa = PBXFileReference; explicitFileType = "compiled.mach-o.executable"; includeInIndex = 0; path = "core data single entity swift"; sourceTree = BUILT_PRODUCTS_DIR; };
		4B4DB5051DD48B0C00396E78 /* main.swift */ = {isa = PBXFileReference; lastKnownFileType = sourcecode.swift; path = main.swift; sourceTree = "<group>"; };
		4B4DB50D1DD490F300396E78 /* CoreData.framework */ = {isa = PBXFileReference; lastKnownFileType = wrapper.framework; name = CoreData.framework; path = System/Library/Frameworks/CoreData.framework; sourceTree = SDKROOT; };
		4B4DB5101DD4920D00396E78 /* MyModel.xcdatamodel */ = {isa = PBXFileReference; lastKnownFileType = wrapper.xcdatamodel; path = MyModel.xcdatamodel; sourceTree = "<group>"; };
/* End PBXFileReference section */

/* Begin PBXFrameworksBuildPhase section */
		4B4DB4FF1DD48B0C00396E78 /* Frameworks */ = {
			isa = PBXFrameworksBuildPhase;
			buildActionMask = 2147483647;
			files = (
				4B4DB50E1DD490F300396E78 /* CoreData.framework in Frameworks */,
			);
			runOnlyForDeploymentPostprocessing = 0;
		};
/* End PBXFrameworksBuildPhase section */

/* Begin PBXGroup section */
		4B4DB4F91DD48B0C00396E78 = {
			isa = PBXGroup;
			children = (
				4B4DB50F1DD4920D00396E78 /* MyModel.xcdatamodeld */,
				4B4DB5041DD48B0C00396E78 /* core data single entity swift */,
				4B4DB5031DD48B0C00396E78 /* Products */,
				4B4DB50C1DD490F300396E78 /* Frameworks */,
			);
			sourceTree = "<group>";
		};
		4B4DB5031DD48B0C00396E78 /* Products */ = {
			isa = PBXGroup;
			children = (
				4B4DB5021DD48B0C00396E78 /* core data single entity swift */,
			);
			name = Products;
			sourceTree = "<group>";
		};
		4B4DB5041DD48B0C00396E78 /* core data single entity swift */ = {
			isa = PBXGroup;
			children = (
				4B4DB5051DD48B0C00396E78 /* main.swift */,
			);
			path = "core data single entity swift";
			sourceTree = "<group>";
		};
		4B4DB50C1DD490F300396E78 /* Frameworks */ = {
			isa = PBXGroup;
			children = (
				4B4DB50D1DD490F300396E78 /* CoreData.framework */,
			);
			name = Frameworks;
			sourceTree = "<group>";
		};
/* End PBXGroup section */

/* Begin PBXNativeTarget section */
		4B4DB5011DD48B0C00396E78 /* core data single entity swift */ = {
			isa = PBXNativeTarget;
			buildConfigurationList = 4B4DB5091DD48B0C00396E78 /* Build configuration list for PBXNativeTarget "core data single entity swift" */;
			buildPhases = (
				4B4DB4FE1DD48B0C00396E78 /* Sources */,
				4B4DB4FF1DD48B0C00396E78 /* Frameworks */,
				4B4DB5001DD48B0C00396E78 /* CopyFiles */,
			);
			buildRules = (
			);
			dependencies = (
			);
			name = "core data single entity swift";
			productName = "core data single entity swift";
			productReference = 4B4DB5021DD48B0C00396E78 /* core data single entity swift */;
			productType = "com.apple.product-type.tool";
		};
/* End PBXNativeTarget section */

/* Begin PBXProject section */
		4B4DB4FA1DD48B0C00396E78 /* Project object */ = {
			isa = PBXProject;
			attributes = {
				LastSwiftUpdateCheck = 0810;
				LastUpgradeCheck = 0810;
				ORGANIZATIONNAME = "test project";
				TargetAttributes = {
					4B4DB5011DD48B0C00396E78 = {
						CreatedOnToolsVersion = 8.1;
						ProvisioningStyle = Automatic;
					};
				};
			};
			buildConfigurationList = 4B4DB4FD1DD48B0C00396E78 /* Build configuration list for PBXProject "core data single entity swift" */;
			compatibilityVersion = "Xcode 3.2";
			developmentRegion = English;
			hasScannedForEncodings = 0;
			knownRegions = (
				en,
			);
			mainGroup = 4B4DB4F91DD48B0C00396E78;
			productRefGroup = 4B4DB5031DD48B0C00396E78 /* Products */;
			projectDirPath = "";
			projectRoot = "";
			targets = (
				4B4DB5011DD48B0C00396E78 /* core data single entity swift */,
			);
		};
/* End PBXProject section */

/* Begin PBXSourcesBuildPhase section */
		4B4DB4FE1DD48B0C00396E78 /* Sources */ = {
			isa = PBXSourcesBuildPhase;
			buildActionMask = 2147483647;
			files = (
				4B4DB5061DD48B0C00396E78 /* main.swift in Sources */,
				4B4DB5111DD4920D00396E78 /* MyModel.xcdatamodeld in Sources */,
			);
			runOnlyForDeploymentPostprocessing = 0;
		};
/* End PBXSourcesBuildPhase section */

/* Begin XCBuildConfiguration section */
		4B4DB5071DD48B0C00396E78 /* Debug */ = {
			isa = XCBuildConfiguration;
			buildSettings = {
				ALWAYS_SEARCH_USER_PATHS = NO;
				CLANG_ANALYZER_NONNULL = YES;
				CLANG_CXX_LANGUAGE_STANDARD = "gnu++0x";
				CLANG_CXX_LIBRARY = "libc++";
				CLANG_ENABLE_MODULES = YES;
				CLANG_ENABLE_OBJC_ARC = YES;
				CLANG_WARN_BOOL_CONVERSION = YES;
				CLANG_WARN_CONSTANT_CONVERSION = YES;
				CLANG_WARN_DIRECT_OBJC_ISA_USAGE = YES_ERROR;
				CLANG_WARN_DOCUMENTATION_COMMENTS = YES;
				CLANG_WARN_EMPTY_BODY = YES;
				CLANG_WARN_ENUM_CONVERSION = YES;
				CLANG_WARN_INFINITE_RECURSION = YES;
				CLANG_WARN_INT_CONVERSION = YES;
				CLANG_WARN_OBJC_ROOT_CLASS = YES_ERROR;
				CLANG_WARN_SUSPICIOUS_MOVES = YES;
				CLANG_WARN_UNREACHABLE_CODE = YES;
				CLANG_WARN__DUPLICATE_METHOD_MATCH = YES;
				CODE_SIGN_IDENTITY = "-";
				COPY_PHASE_STRIP = NO;
				DEBUG_INFORMATION_FORMAT = dwarf;
				ENABLE_STRICT_OBJC_MSGSEND = YES;
				ENABLE_TESTABILITY = YES;
				GCC_C_LANGUAGE_STANDARD = gnu99;
				GCC_DYNAMIC_NO_PIC = NO;
				GCC_NO_COMMON_BLOCKS = YES;
				GCC_OPTIMIZATION_LEVEL = 0;
				GCC_PREPROCESSOR_DEFINITIONS = (
					"DEBUG=1",
					"$(inherited)",
				);
				GCC_WARN_64_TO_32_BIT_CONVERSION = YES;
				GCC_WARN_ABOUT_RETURN_TYPE = YES_ERROR;
				GCC_WARN_UNDECLARED_SELECTOR = YES;
				GCC_WARN_UNINITIALIZED_AUTOS = YES_AGGRESSIVE;
				GCC_WARN_UNUSED_FUNCTION = YES;
				GCC_WARN_UNUSED_VARIABLE = YES;
				MACOSX_DEPLOYMENT_TARGET = 10.11;
				MTL_ENABLE_DEBUG_INFO = YES;
				ONLY_ACTIVE_ARCH = YES;
				SDKROOT = macosx;
				SWIFT_OPTIMIZATION_LEVEL = "-Onone";
			};
			name = Debug;
		};
		4B4DB5081DD48B0C00396E78 /* Release */ = {
			isa = XCBuildConfiguration;
			buildSettings = {
				ALWAYS_SEARCH_USER_PATHS = NO;
				CLANG_ANALYZER_NONNULL = YES;
				CLANG_CXX_LANGUAGE_STANDARD = "gnu++0x";
				CLANG_CXX_LIBRARY = "libc++";
				CLANG_ENABLE_MODULES = YES;
				CLANG_ENABLE_OBJC_ARC = YES;
				CLANG_WARN_BOOL_CONVERSION = YES;
				CLANG_WARN_CONSTANT_CONVERSION = YES;
				CLANG_WARN_DIRECT_OBJC_ISA_USAGE = YES_ERROR;
				CLANG_WARN_DOCUMENTATION_COMMENTS = YES;
				CLANG_WARN_EMPTY_BODY = YES;
				CLANG_WARN_ENUM_CONVERSION = YES;
				CLANG_WARN_INFINITE_RECURSION = YES;
				CLANG_WARN_INT_CONVERSION = YES;
				CLANG_WARN_OBJC_ROOT_CLASS = YES_ERROR;
				CLANG_WARN_SUSPICIOUS_MOVES = YES;
				CLANG_WARN_UNREACHABLE_CODE = YES;
				CLANG_WARN__DUPLICATE_METHOD_MATCH = YES;
				CODE_SIGN_IDENTITY = "-";
				COPY_PHASE_STRIP = NO;
				DEBUG_INFORMATION_FORMAT = "dwarf-with-dsym";
				ENABLE_NS_ASSERTIONS = NO;
				ENABLE_STRICT_OBJC_MSGSEND = YES;
				GCC_C_LANGUAGE_STANDARD = gnu99;
				GCC_NO_COMMON_BLOCKS = YES;
				GCC_WARN_64_TO_32_BIT_CONVERSION = YES;
				GCC_WARN_ABOUT_RETURN_TYPE = YES_ERROR;
				GCC_WARN_UNDECLARED_SELECTOR = YES;
				GCC_WARN_UNINITIALIZED_AUTOS = YES_AGGRESSIVE;
				GCC_WARN_UNUSED_FUNCTION = YES;
				GCC_WARN_UNUSED_VARIABLE = YES;
				MACOSX_DEPLOYMENT_TARGET = 10.11;
				MTL_ENABLE_DEBUG_INFO = NO;
				SDKROOT = macosx;
			};
			name = Release;
		};
		4B4DB50A1DD48B0C00396E78 /* Debug */ = {
			isa = XCBuildConfiguration;
			buildSettings = {
				PRODUCT_NAME = "$(TARGET_NAME)";
				SWIFT_VERSION = 3.0;
			};
			name = Debug;
		};
		4B4DB50B1DD48B0C00396E78 /* Release */ = {
			isa = XCBuildConfiguration;
			buildSettings = {
				PRODUCT_NAME = "$(TARGET_NAME)";
				SWIFT_VERSION = 3.0;
			};
			name = Release;
		};
/* End XCBuildConfiguration section */

/* Begin XCConfigurationList section */
		4B4DB4FD1DD48B0C00396E78 /* Build configuration list for PBXProject "core data single entity swift" */ = {
			isa = XCConfigurationList;
			buildConfigurations = (
				4B4DB5071DD48B0C00396E78 /* Debug */,
				4B4DB5081DD48B0C00396E78 /* Release */,
			);
			defaultConfigurationIsVisible = 0;
			defaultConfigurationName = Release;
		};
		4B4DB5091DD48B0C00396E78 /* Build configuration list for PBXNativeTarget "core data single entity swift" */ = {
			isa = XCConfigurationList;
			buildConfigurations = (
				4B4DB50A1DD48B0C00396E78 /* Debug */,
				4B4DB50B1DD48B0C00396E78 /* Release */,
			);
			defaultConfigurationIsVisible = 0;
		};
/* End XCConfigurationList section */

/* Begin XCVersionGroup section */
		4B4DB50F1DD4920D00396E78 /* MyModel.xcdatamodeld */ = {
			isa = XCVersionGroup;
			children = (
				4B4DB5101DD4920D00396E78 /* MyModel.xcdatamodel */,
			);
			currentVersion = 4B4DB5101DD4920D00396E78 /* MyModel.xcdatamodel */;
			path = MyModel.xcdatamodeld;
			sourceTree = "<group>";
			versionGroupType = wrapper.xcdatamodel;
		};
/* End XCVersionGroup section */
	};
	rootObject = 4B4DB4FA1DD48B0C00396E78 /* Project object */;
}
